github.com/jeffotoni/gocep v0.0.0-20200417223929-03525d4b6855 h1:a6tMZ0x1cEWqBMsr1Vvebcfu/98jPd0B6L/Xbd5xSl8=
github.com/jeffotoni/gocep v0.0.0-20200417223929-03525d4b6855/go.mod h1:mRs67K8VMnLOpx4JP/+zGzlL99BzAEkxEgOtKzzXzcU=
golang.org/x/sync v0.0.0-20200317015054-43a5402ce75a h1:WXEvlFVvvGxCJLG6REjsT03iWnKLEWinaScsxF2Vm2o=
golang.org/x/sync v0.0.0-20200317015054-43a5402ce75a/go.mod h1:RxMgew5VJxzue5/jJTE5uejpjVlOe/izrB70Jof72aM=
