github.com/jeffotoni/gcolor v1.0.9 h1:Lr8kYTNSqOBYOQqkS3qgUZwnLdfAFbSLFr0QnQHdMEg=
github.com/jeffotoni/gcolor v1.0.9/go.mod h1:ophnOt4KLQthzn5I0K/nT6s5LKqnkubPgIoV5Wiu0QI=
github.com/jeffotoni/gconcat v0.0.14 h1:HPWLwBykyxHWNikjstQTqH5ibvS3mnR3PplVlMOjp7M=
github.com/jeffotoni/gconcat v0.0.14/go.mod h1:wCUhxO4lNfBuzHDI1V96/mJUaqX8jOO9N1Cr4GHqQks=
github.com/patrickmn/go-cache v2.1.0+incompatible h1:HRMgzkcYKYpi3C8ajMPV8OFXaaRUnok+kx1WdO15EQc=
github.com/patrickmn/go-cache v2.1.0+incompatible/go.mod h1:3Qf8kWWT7OJRJbdiICTKqZju1ZixQ/KpMGzzAfe6+WQ=
github.com/rs/cors v1.11.1 h1:eU3gRzXLRK57F5rKMGMZURNdIG4EoAmX8k94r9wXWHA=
github.com/rs/cors v1.11.1/go.mod h1:XyqrcTp5zjWr1wsJ8PIRZssZ8b/WMcMf71DJnit4EMU=
